
Microsoft Visual Studio Solution File, Format Version 12.00
# Visual Studio Version 17
VisualStudioVersion = 17.2.32630.192
MinimumVisualStudioVersion = 10.0.40219.1
Project("{8BC9CEB8-8B4A-11D0-8D11-00A0C91BC942}") = "sorMfcExEdiView", "sorMfcExEdiView\sorMfcExEdiView.vcxproj", "{1FDB8BCE-26C9-4320-8440-33957499A1FC}"
EndProject
Project("{2150E333-8FDC-42A3-9474-1A3956D46DE8}") = "Solution Items", "Solution Items", "{C147A2FA-84BD-4830-817D-258F2FAEDD18}"
	ProjectSection(SolutionItems) = preProject
		readme.md = readme.md
	EndProjectSection
EndProject
Global
	GlobalSection(SolutionConfigurationPlatforms) = preSolution
		Debug|x64 = Debug|x64
		Debug|x86 = Debug|x86
		Release|x64 = Release|x64
		Release|x86 = Release|x86
	EndGlobalSection
	GlobalSection(ProjectConfigurationPlatforms) = postSolution
		{1FDB8BCE-26C9-4320-8440-33957499A1FC}.Debug|x64.ActiveCfg = Debug|x64
		{1FDB8BCE-26C9-4320-8440-33957499A1FC}.Debug|x64.Build.0 = Debug|x64
		{1FDB8BCE-26C9-4320-8440-33957499A1FC}.Debug|x86.ActiveCfg = Debug|Win32
		{1FDB8BCE-26C9-4320-8440-33957499A1FC}.Debug|x86.Build.0 = Debug|Win32
		{1FDB8BCE-26C9-4320-8440-33957499A1FC}.Release|x64.ActiveCfg = Release|x64
		{1FDB8BCE-26C9-4320-8440-33957499A1FC}.Release|x64.Build.0 = Release|x64
		{1FDB8BCE-26C9-4320-8440-33957499A1FC}.Release|x86.ActiveCfg = Release|Win32
		{1FDB8BCE-26C9-4320-8440-33957499A1FC}.Release|x86.Build.0 = Release|Win32
	EndGlobalSection
	GlobalSection(SolutionProperties) = preSolution
		HideSolutionNode = FALSE
	EndGlobalSection
	GlobalSection(ExtensibilityGlobals) = postSolution
		SolutionGuid = {715BA6D7-E367-42F7-8419-1FB9C6727981}
	EndGlobalSection
EndGlobal
